// !$*UTF8*$!
{
	archiveVersion = 1;
	classes = {
	};
	objectVersion = 46;
	objects = {

/* Begin PBXBuildFile section */
		2C40DEB71A1DEA1D00122EF6 /* Foundation.framework in Frameworks */ = {isa = PBXBuildFile; fileRef = 2C40DEB61A1DEA1D00122EF6 /* Foundation.framework */; };
		2C40DEB91A1DEA1D00122EF6 /* CoreGraphics.framework in Frameworks */ = {isa = PBXBuildFile; fileRef = 2C40DEB81A1DEA1D00122EF6 /* CoreGraphics.framework */; };
		2C40DEBB1A1DEA1D00122EF6 /* UIKit.framework in Frameworks */ = {isa = PBXBuildFile; fileRef = 2C40DEBA1A1DEA1D00122EF6 /* UIKit.framework */; };
		2C40DEC11A1DEA1D00122EF6 /* InfoPlist.strings in Resources */ = {isa = PBXBuildFile; fileRef = 2C40DEBF1A1DEA1D00122EF6 /* InfoPlist.strings */; };
		2C40DEC31A1DEA1D00122EF6 /* main.m in Sources */ = {isa = PBXBuildFile; fileRef = 2C40DEC21A1DEA1D00122EF6 /* main.m */; };
		2C40DEC71A1DEA1D00122EF6 /* AppDelegate.m in Sources */ = {isa = PBXBuildFile; fileRef = 2C40DEC61A1DEA1D00122EF6 /* AppDelegate.m */; };
		2C40DECA1A1DEA1D00122EF6 /* Main.storyboard in Resources */ = {isa = PBXBuildFile; fileRef = 2C40DEC81A1DEA1D00122EF6 /* Main.storyboard */; };
		2C40DECD1A1DEA1D00122EF6 /* ViewController.m in Sources */ = {isa = PBXBuildFile; fileRef = 2C40DECC1A1DEA1D00122EF6 /* ViewController.m */; };
		2C40DECF1A1DEA1D00122EF6 /* Images.xcassets in Resources */ = {isa = PBXBuildFile; fileRef = 2C40DECE1A1DEA1D00122EF6 /* Images.xcassets */; };
		2C40DED61A1DEA1D00122EF6 /* XCTest.framework in Frameworks */ = {isa = PBXBuildFile; fileRef = 2C40DED51A1DEA1D00122EF6 /* XCTest.framework */; };
		2C40DED71A1DEA1D00122EF6 /* Foundation.framework in Frameworks */ = {isa = PBXBuildFile; fileRef = 2C40DEB61A1DEA1D00122EF6 /* Foundation.framework */; };
		2C40DED81A1DEA1D00122EF6 /* UIKit.framework in Frameworks */ = {isa = PBXBuildFile; fileRef = 2C40DEBA1A1DEA1D00122EF6 /* UIKit.framework */; };
		2C40DEE01A1DEA1D00122EF6 /* InfoPlist.strings in Resources */ = {isa = PBXBuildFile; fileRef = 2C40DEDE1A1DEA1D00122EF6 /* InfoPlist.strings */; };
		2C40DEE21A1DEA1D00122EF6 /* RadarViewTests.m in Sources */ = {isa = PBXBuildFile; fileRef = 2C40DEE11A1DEA1D00122EF6 /* RadarViewTests.m */; };
		2C40DEEC1A1DEB0C00122EF6 /* line.png in Resources */ = {isa = PBXBuildFile; fileRef = 2C40DEEB1A1DEB0C00122EF6 /* line.png */; };
/* End PBXBuildFile section */

/* Begin PBXContainerItemProxy section */
		2C40DED91A1DEA1D00122EF6 /* PBXContainerItemProxy */ = {
			isa = PBXContainerItemProxy;
			containerPortal = 2C40DEAB1A1DEA1D00122EF6 /* Project object */;
			proxyType = 1;
			remoteGlobalIDString = 2C40DEB21A1DEA1D00122EF6;
			remoteInfo = RadarView;
		};
/* End PBXContainerItemProxy section */

/* Begin PBXFileReference section */
		2C40DEB31A1DEA1D00122EF6 /* RadarView.app */ = {isa = PBXFileReference; explicitFileType = wrapper.application; includeInIndex = 0; path = RadarView.app; sourceTree = BUILT_PRODUCTS_DIR; };
		2C40DEB61A1DEA1D00122EF6 /* Foundation.framework */ = {isa = PBXFileReference; lastKnownFileType = wrapper.framework; name = Foundation.framework; path = System/Library/Frameworks/Foundation.framework; sourceTree = SDKROOT; };
		2C40DEB81A1DEA1D00122EF6 /* CoreGraphics.framework */ = {isa = PBXFileReference; lastKnownFileType = wrapper.framework; name = CoreGraphics.framework; path = System/Library/Frameworks/CoreGraphics.framework; sourceTree = SDKROOT; };
		2C40DEBA1A1DEA1D00122EF6 /* UIKit.framework */ = {isa = PBXFileReference; lastKnownFileType = wrapper.framework; name = UIKit.framework; path = System/Library/Frameworks/UIKit.framework; sourceTree = SDKROOT; };
		2C40DEBE1A1DEA1D00122EF6 /* RadarView-Info.plist */ = {isa = PBXFileReference; lastKnownFileType = text.plist.xml; path = "RadarView-Info.plist"; sourceTree = "<group>"; };
		2C40DEC01A1DEA1D00122EF6 /* en */ = {isa = PBXFileReference; lastKnownFileType = text.plist.strings; name = en; path = en.lproj/InfoPlist.strings; sourceTree = "<group>"; };
		2C40DEC21A1DEA1D00122EF6 /* main.m */ = {isa = PBXFileReference; lastKnownFileType = sourcecode.c.objc; path = main.m; sourceTree = "<group>"; };
		2C40DEC41A1DEA1D00122EF6 /* RadarView-Prefix.pch */ = {isa = PBXFileReference; lastKnownFileType = sourcecode.c.h; path = "RadarView-Prefix.pch"; sourceTree = "<group>"; };
		2C40DEC51A1DEA1D00122EF6 /* AppDelegate.h */ = {isa = PBXFileReference; lastKnownFileType = sourcecode.c.h; path = AppDelegate.h; sourceTree = "<group>"; };
		2C40DEC61A1DEA1D00122EF6 /* AppDelegate.m */ = {isa = PBXFileReference; lastKnownFileType = sourcecode.c.objc; path = AppDelegate.m; sourceTree = "<group>"; };
		2C40DEC91A1DEA1D00122EF6 /* Base */ = {isa = PBXFileReference; lastKnownFileType = file.storyboard; name = Base; path = Base.lproj/Main.storyboard; sourceTree = "<group>"; };
		2C40DECB1A1DEA1D00122EF6 /* ViewController.h */ = {isa = PBXFileReference; lastKnownFileType = sourcecode.c.h; path = ViewController.h; sourceTree = "<group>"; };
		2C40DECC1A1DEA1D00122EF6 /* ViewController.m */ = {isa = PBXFileReference; lastKnownFileType = sourcecode.c.objc; path = ViewController.m; sourceTree = "<group>"; };
		2C40DECE1A1DEA1D00122EF6 /* Images.xcassets */ = {isa = PBXFileReference; lastKnownFileType = folder.assetcatalog; path = Images.xcassets; sourceTree = "<group>"; };
		2C40DED41A1DEA1D00122EF6 /* RadarViewTests.xctest */ = {isa = PBXFileReference; explicitFileType = wrapper.cfbundle; includeInIndex = 0; path = RadarViewTests.xctest; sourceTree = BUILT_PRODUCTS_DIR; };
		2C40DED51A1DEA1D00122EF6 /* XCTest.framework */ = {isa = PBXFileReference; lastKnownFileType = wrapper.framework; name = XCTest.framework; path = Library/Frameworks/XCTest.framework; sourceTree = DEVELOPER_DIR; };
		2C40DEDD1A1DEA1D00122EF6 /* RadarViewTests-Info.plist */ = {isa = PBXFileReference; lastKnownFileType = text.plist.xml; path = "RadarViewTests-Info.plist"; sourceTree = "<group>"; };
		2C40DEDF1A1DEA1D00122EF6 /* en */ = {isa = PBXFileReference; lastKnownFileType = text.plist.strings; name = en; path = en.lproj/InfoPlist.strings; sourceTree = "<group>"; };
		2C40DEE11A1DEA1D00122EF6 /* RadarViewTests.m */ = {isa = PBXFileReference; lastKnownFileType = sourcecode.c.objc; path = RadarViewTests.m; sourceTree = "<group>"; };
		2C40DEEB1A1DEB0C00122EF6 /* line.png */ = {isa = PBXFileReference; lastKnownFileType = image.png; path = line.png; sourceTree = "<group>"; };
/* End PBXFileReference section */

/* Begin PBXFrameworksBuildPhase section */
		2C40DEB01A1DEA1D00122EF6 /* Frameworks */ = {
			isa = PBXFrameworksBuildPhase;
			buildActionMask = 2147483647;
			files = (
				2C40DEB91A1DEA1D00122EF6 /* CoreGraphics.framework in Frameworks */,
				2C40DEBB1A1DEA1D00122EF6 /* UIKit.framework in Frameworks */,
				2C40DEB71A1DEA1D00122EF6 /* Foundation.framework in Frameworks */,
			);
			runOnlyForDeploymentPostprocessing = 0;
		};
		2C40DED11A1DEA1D00122EF6 /* Frameworks */ = {
			isa = PBXFrameworksBuildPhase;
			buildActionMask = 2147483647;
			files = (
				2C40DED61A1DEA1D00122EF6 /* XCTest.framework in Frameworks */,
				2C40DED81A1DEA1D00122EF6 /* UIKit.framework in Frameworks */,
				2C40DED71A1DEA1D00122EF6 /* Foundation.framework in Frameworks */,
			);
			runOnlyForDeploymentPostprocessing = 0;
		};
/* End PBXFrameworksBuildPhase section */

/* Begin PBXGroup section */
		2C40DEAA1A1DEA1D00122EF6 = {
			isa = PBXGroup;
			children = (
				2C40DEBC1A1DEA1D00122EF6 /* RadarView */,
				2C40DEDB1A1DEA1D00122EF6 /* RadarViewTests */,
				2C40DEB51A1DEA1D00122EF6 /* Frameworks */,
				2C40DEB41A1DEA1D00122EF6 /* Products */,
			);
			sourceTree = "<group>";
		};
		2C40DEB41A1DEA1D00122EF6 /* Products */ = {
			isa = PBXGroup;
			children = (
				2C40DEB31A1DEA1D00122EF6 /* RadarView.app */,
				2C40DED41A1DEA1D00122EF6 /* RadarViewTests.xctest */,
			);
			name = Products;
			sourceTree = "<group>";
		};
		2C40DEB51A1DEA1D00122EF6 /* Frameworks */ = {
			isa = PBXGroup;
			children = (
				2C40DEB61A1DEA1D00122EF6 /* Foundation.framework */,
				2C40DEB81A1DEA1D00122EF6 /* CoreGraphics.framework */,
				2C40DEBA1A1DEA1D00122EF6 /* UIKit.framework */,
				2C40DED51A1DEA1D00122EF6 /* XCTest.framework */,
			);
			name = Frameworks;
			sourceTree = "<group>";
		};
		2C40DEBC1A1DEA1D00122EF6 /* RadarView */ = {
			isa = PBXGroup;
			children = (
				2C40DEEB1A1DEB0C00122EF6 /* line.png */,
				2C40DEC51A1DEA1D00122EF6 /* AppDelegate.h */,
				2C40DEC61A1DEA1D00122EF6 /* AppDelegate.m */,
				2C40DEC81A1DEA1D00122EF6 /* Main.storyboard */,
				2C40DECB1A1DEA1D00122EF6 /* ViewController.h */,
				2C40DECC1A1DEA1D00122EF6 /* ViewController.m */,
				2C40DECE1A1DEA1D00122EF6 /* Images.xcassets */,
				2C40DEBD1A1DEA1D00122EF6 /* Supporting Files */,
			);
			path = RadarView;
			sourceTree = "<group>";
		};
		2C40DEBD1A1DEA1D00122EF6 /* Supporting Files */ = {
			isa = PBXGroup;
			children = (
				2C40DEBE1A1DEA1D00122EF6 /* RadarView-Info.plist */,
				2C40DEBF1A1DEA1D00122EF6 /* InfoPlist.strings */,
				2C40DEC21A1DEA1D00122EF6 /* main.m */,
				2C40DEC41A1DEA1D00122EF6 /* RadarView-Prefix.pch */,
			);
			name = "Supporting Files";
			sourceTree = "<group>";
		};
		2C40DEDB1A1DEA1D00122EF6 /* RadarViewTests */ = {
			isa = PBXGroup;
			children = (
				2C40DEE11A1DEA1D00122EF6 /* RadarViewTests.m */,
				2C40DEDC1A1DEA1D00122EF6 /* Supporting Files */,
			);
			path = RadarViewTests;
			sourceTree = "<group>";
		};
		2C40DEDC1A1DEA1D00122EF6 /* Supporting Files */ = {
			isa = PBXGroup;
			children = (
				2C40DEDD1A1DEA1D00122EF6 /* RadarViewTests-Info.plist */,
				2C40DEDE1A1DEA1D00122EF6 /* InfoPlist.strings */,
			);
			name = "Supporting Files";
			sourceTree = "<group>";
		};
/* End PBXGroup section */

/* Begin PBXNativeTarget section */
		2C40DEB21A1DEA1D00122EF6 /* RadarView */ = {
			isa = PBXNativeTarget;
			buildConfigurationList = 2C40DEE51A1DEA1D00122EF6 /* Build configuration list for PBXNativeTarget "RadarView" */;
			buildPhases = (
				2C40DEAF1A1DEA1D00122EF6 /* Sources */,
				2C40DEB01A1DEA1D00122EF6 /* Frameworks */,
				2C40DEB11A1DEA1D00122EF6 /* Resources */,
			);
			buildRules = (
			);
			dependencies = (
			);
			name = RadarView;
			productName = RadarView;
			productReference = 2C40DEB31A1DEA1D00122EF6 /* RadarView.app */;
			productType = "com.apple.product-type.application";
		};
		2C40DED31A1DEA1D00122EF6 /* RadarViewTests */ = {
			isa = PBXNativeTarget;
			buildConfigurationList = 2C40DEE81A1DEA1D00122EF6 /* Build configuration list for PBXNativeTarget "RadarViewTests" */;
			buildPhases = (
				2C40DED01A1DEA1D00122EF6 /* Sources */,
				2C40DED11A1DEA1D00122EF6 /* Frameworks */,
				2C40DED21A1DEA1D00122EF6 /* Resources */,
			);
			buildRules = (
			);
			dependencies = (
				2C40DEDA1A1DEA1D00122EF6 /* PBXTargetDependency */,
			);
			name = RadarViewTests;
			productName = RadarViewTests;
			productReference = 2C40DED41A1DEA1D00122EF6 /* RadarViewTests.xctest */;
			productType = "com.apple.product-type.bundle.unit-test";
		};
/* End PBXNativeTarget section */

/* Begin PBXProject section */
		2C40DEAB1A1DEA1D00122EF6 /* Project object */ = {
			isa = PBXProject;
			attributes = {
				LastUpgradeCheck = 0510;
				ORGANIZATIONNAME = "Javra Software";
				TargetAttributes = {
					2C40DED31A1DEA1D00122EF6 = {
						TestTargetID = 2C40DEB21A1DEA1D00122EF6;
					};
				};
			};
			buildConfigurationList = 2C40DEAE1A1DEA1D00122EF6 /* Build configuration list for PBXProject "RadarView" */;
			compatibilityVersion = "Xcode 3.2";
			developmentRegion = English;
			hasScannedForEncodings = 0;
			knownRegions = (
				en,
				Base,
			);
			mainGroup = 2C40DEAA1A1DEA1D00122EF6;
			productRefGroup = 2C40DEB41A1DEA1D00122EF6 /* Products */;
			projectDirPath = "";
			projectRoot = "";
			targets = (
				2C40DEB21A1DEA1D00122EF6 /* RadarView */,
				2C40DED31A1DEA1D00122EF6 /* RadarViewTests */,
			);
		};
/* End PBXProject section */

/* Begin PBXResourcesBuildPhase section */
		2C40DEB11A1DEA1D00122EF6 /* Resources */ = {
			isa = PBXResourcesBuildPhase;
			buildActionMask = 2147483647;
			files = (
				2C40DECF1A1DEA1D00122EF6 /* Images.xcassets in Resources */,
				2C40DEC11A1DEA1D00122EF6 /* InfoPlist.strings in Resources */,
				2C40DECA1A1DEA1D00122EF6 /* Main.storyboard in Resources */,
				2C40DEEC1A1DEB0C00122EF6 /* line.png in Resources */,
			);
			runOnlyForDeploymentPostprocessing = 0;
		};
		2C40DED21A1DEA1D00122EF6 /* Resources */ = {
			isa = PBXResourcesBuildPhase;
			buildActionMask = 2147483647;
			files = (
				2C40DEE01A1DEA1D00122EF6 /* InfoPlist.strings in Resources */,
			);
			runOnlyForDeploymentPostprocessing = 0;
		};
/* End PBXResourcesBuildPhase section */

/* Begin PBXSourcesBuildPhase section */
		2C40DEAF1A1DEA1D00122EF6 /* Sources */ = {
			isa = PBXSourcesBuildPhase;
			buildActionMask = 2147483647;
			files = (
				2C40DECD1A1DEA1D00122EF6 /* ViewController.m in Sources */,
				2C40DEC71A1DEA1D00122EF6 /* AppDelegate.m in Sources */,
				2C40DEC31A1DEA1D00122EF6 /* main.m in Sources */,
			);
			runOnlyForDeploymentPostprocessing = 0;
		};
		2C40DED01A1DEA1D00122EF6 /* Sources */ = {
			isa = PBXSourcesBuildPhase;
			buildActionMask = 2147483647;
			files = (
				2C40DEE21A1DEA1D00122EF6 /* RadarViewTests.m in Sources */,
			);
			runOnlyForDeploymentPostprocessing = 0;
		};
/* End PBXSourcesBuildPhase section */

/* Begin PBXTargetDependency section */
		2C40DEDA1A1DEA1D00122EF6 /* PBXTargetDependency */ = {
			isa = PBXTargetDependency;
			target = 2C40DEB21A1DEA1D00122EF6 /* RadarView */;
			targetProxy = 2C40DED91A1DEA1D00122EF6 /* PBXContainerItemProxy */;
		};
/* End PBXTargetDependency section */

/* Begin PBXVariantGroup section */
		2C40DEBF1A1DEA1D00122EF6 /* InfoPlist.strings */ = {
			isa = PBXVariantGroup;
			children = (
				2C40DEC01A1DEA1D00122EF6 /* en */,
			);
			name = InfoPlist.strings;
			sourceTree = "<group>";
		};
		2C40DEC81A1DEA1D00122EF6 /* Main.storyboard */ = {
			isa = PBXVariantGroup;
			children = (
				2C40DEC91A1DEA1D00122EF6 /* Base */,
			);
			name = Main.storyboard;
			sourceTree = "<group>";
		};
		2C40DEDE1A1DEA1D00122EF6 /* InfoPlist.strings */ = {
			isa = PBXVariantGroup;
			children = (
				2C40DEDF1A1DEA1D00122EF6 /* en */,
			);
			name = InfoPlist.strings;
			sourceTree = "<group>";
		};
/* End PBXVariantGroup section */

/* Begin XCBuildConfiguration section */
		2C40DEE31A1DEA1D00122EF6 /* Debug */ = {
			isa = XCBuildConfiguration;
			buildSettings = {
				ALWAYS_SEARCH_USER_PATHS = NO;
				CLANG_CXX_LANGUAGE_STANDARD = "gnu++0x";
				CLANG_CXX_LIBRARY = "libc++";
				CLANG_ENABLE_MODULES = YES;
				CLANG_ENABLE_OBJC_ARC = YES;
				CLANG_WARN_BOOL_CONVERSION = YES;
				CLANG_WARN_CONSTANT_CONVERSION = YES;
				CLANG_WARN_DIRECT_OBJC_ISA_USAGE = YES_ERROR;
				CLANG_WARN_EMPTY_BODY = YES;
				CLANG_WARN_ENUM_CONVERSION = YES;
				CLANG_WARN_INT_CONVERSION = YES;
				CLANG_WARN_OBJC_ROOT_CLASS = YES_ERROR;
				CLANG_WARN__DUPLICATE_METHOD_MATCH = YES;
				"CODE_SIGN_IDENTITY[sdk=iphoneos*]" = "iPhone Developer";
				COPY_PHASE_STRIP = NO;
				GCC_C_LANGUAGE_STANDARD = gnu99;
				GCC_DYNAMIC_NO_PIC = NO;
				GCC_OPTIMIZATION_LEVEL = 0;
				GCC_PREPROCESSOR_DEFINITIONS = (
					"DEBUG=1",
					"$(inherited)",
				);
				GCC_SYMBOLS_PRIVATE_EXTERN = NO;
				GCC_WARN_64_TO_32_BIT_CONVERSION = YES;
				GCC_WARN_ABOUT_RETURN_TYPE = YES_ERROR;
				GCC_WARN_UNDECLARED_SELECTOR = YES;
				GCC_WARN_UNINITIALIZED_AUTOS = YES_AGGRESSIVE;
				GCC_WARN_UNUSED_FUNCTION = YES;
				GCC_WARN_UNUSED_VARIABLE = YES;
				IPHONEOS_DEPLOYMENT_TARGET = 7.1;
				ONLY_ACTIVE_ARCH = YES;
				SDKROOT = iphoneos;
			};
			name = Debug;
		};
		2C40DEE41A1DEA1D00122EF6 /* Release */ = {
			isa = XCBuildConfiguration;
			buildSettings = {
				ALWAYS_SEARCH_USER_PATHS = NO;
				CLANG_CXX_LANGUAGE_STANDARD = "gnu++0x";
				CLANG_CXX_LIBRARY = "libc++";
				CLANG_ENABLE_MODULES = YES;
				CLANG_ENABLE_OBJC_ARC = YES;
				CLANG_WARN_BOOL_CONVERSION = YES;
				CLANG_WARN_CONSTANT_CONVERSION = YES;
				CLANG_WARN_DIRECT_OBJC_ISA_USAGE = YES_ERROR;
				CLANG_WARN_EMPTY_BODY = YES;
				CLANG_WARN_ENUM_CONVERSION = YES;
				CLANG_WARN_INT_CONVERSION = YES;
				CLANG_WARN_OBJC_ROOT_CLASS = YES_ERROR;
				CLANG_WARN__DUPLICATE_METHOD_MATCH = YES;
				"CODE_SIGN_IDENTITY[sdk=iphoneos*]" = "iPhone Developer";
				COPY_PHASE_STRIP = YES;
				ENABLE_NS_ASSERTIONS = NO;
				GCC_C_LANGUAGE_STANDARD = gnu99;
				GCC_WARN_64_TO_32_BIT_CONVERSION = YES;
				GCC_WARN_ABOUT_RETURN_TYPE = YES_ERROR;
				GCC_WARN_UNDECLARED_SELECTOR = YES;
				GCC_WARN_UNINITIALIZED_AUTOS = YES_AGGRESSIVE;
				GCC_WARN_UNUSED_FUNCTION = YES;
				GCC_WARN_UNUSED_VARIABLE = YES;
				IPHONEOS_DEPLOYMENT_TARGET = 7.1;
				SDKROOT = iphoneos;
				VALIDATE_PRODUCT = YES;
			};
			name = Release;
		};
		2C40DEE61A1DEA1D00122EF6 /* Debug */ = {
			isa = XCBuildConfiguration;
			buildSettings = {
				ASSETCATALOG_COMPILER_APPICON_NAME = AppIcon;
				ASSETCATALOG_COMPILER_LAUNCHIMAGE_NAME = LaunchImage;
				GCC_PRECOMPILE_PREFIX_HEADER = YES;
				GCC_PREFIX_HEADER = "RadarView/RadarView-Prefix.pch";
				INFOPLIST_FILE = "RadarView/RadarView-Info.plist";
				PRODUCT_NAME = "$(TARGET_NAME)";
				WRAPPER_EXTENSION = app;
			};
			name = Debug;
		};
		2C40DEE71A1DEA1D00122EF6 /* Release */ = {
			isa = XCBuildConfiguration;
			buildSettings = {
				ASSETCATALOG_COMPILER_APPICON_NAME = AppIcon;
				ASSETCATALOG_COMPILER_LAUNCHIMAGE_NAME = LaunchImage;
				GCC_PRECOMPILE_PREFIX_HEADER = YES;
				GCC_PREFIX_HEADER = "RadarView/RadarView-Prefix.pch";
				INFOPLIST_FILE = "RadarView/RadarView-Info.plist";
				PRODUCT_NAME = "$(TARGET_NAME)";
				WRAPPER_EXTENSION = app;
			};
			name = Release;
		};
		2C40DEE91A1DEA1D00122EF6 /* Debug */ = {
			isa = XCBuildConfiguration;
			buildSettings = {
				BUNDLE_LOADER = "$(BUILT_PRODUCTS_DIR)/RadarView.app/RadarView";
				FRAMEWORK_SEARCH_PATHS = (
					"$(SDKROOT)/Developer/Library/Frameworks",
					"$(inherited)",
					"$(DEVELOPER_FRAMEWORKS_DIR)",
				);
				GCC_PRECOMPILE_PREFIX_HEADER = YES;
				GCC_PREFIX_HEADER = "RadarView/RadarView-Prefix.pch";
				GCC_PREPROCESSOR_DEFINITIONS = (
					"DEBUG=1",
					"$(inherited)",
				);
				INFOPLIST_FILE = "RadarViewTests/RadarViewTests-Info.plist";
				PRODUCT_NAME = "$(TARGET_NAME)";
				TEST_HOST = "$(BUNDLE_LOADER)";
				WRAPPER_EXTENSION = xctest;
			};
			name = Debug;
		};
		2C40DEEA1A1DEA1D00122EF6 /* Release */ = {
			isa = XCBuildConfiguration;
			buildSettings = {
				BUNDLE_LOADER = "$(BUILT_PRODUCTS_DIR)/RadarView.app/RadarView";
				FRAMEWORK_SEARCH_PATHS = (
					"$(SDKROOT)/Developer/Library/Frameworks",
					"$(inherited)",
					"$(DEVELOPER_FRAMEWORKS_DIR)",
				);
				GCC_PRECOMPILE_PREFIX_HEADER = YES;
				GCC_PREFIX_HEADER = "RadarView/RadarView-Prefix.pch";
				INFOPLIST_FILE = "RadarViewTests/RadarViewTests-Info.plist";
				PRODUCT_NAME = "$(TARGET_NAME)";
				TEST_HOST = "$(BUNDLE_LOADER)";
				WRAPPER_EXTENSION = xctest;
			};
			name = Release;
		};
/* End XCBuildConfiguration section */

/* Begin XCConfigurationList section */
		2C40DEAE1A1DEA1D00122EF6 /* Build configuration list for PBXProject "RadarView" */ = {
			isa = XCConfigurationList;
			buildConfigurations = (
				2C40DEE31A1DEA1D00122EF6 /* Debug */,
				2C40DEE41A1DEA1D00122EF6 /* Release */,
			);
			defaultConfigurationIsVisible = 0;
			defaultConfigurationName = Release;
		};
		2C40DEE51A1DEA1D00122EF6 /* Build configuration list for PBXNativeTarget "RadarView" */ = {
			isa = XCConfigurationList;
			buildConfigurations = (
				2C40DEE61A1DEA1D00122EF6 /* Debug */,
				2C40DEE71A1DEA1D00122EF6 /* Release */,
			);
			defaultConfigurationIsVisible = 0;
		};
		2C40DEE81A1DEA1D00122EF6 /* Build configuration list for PBXNativeTarget "RadarViewTests" */ = {
			isa = XCConfigurationList;
			buildConfigurations = (
				2C40DEE91A1DEA1D00122EF6 /* Debug */,
				2C40DEEA1A1DEA1D00122EF6 /* Release */,
			);
			defaultConfigurationIsVisible = 0;
		};
/* End XCConfigurationList section */
	};
	rootObject = 2C40DEAB1A1DEA1D00122EF6 /* Project object */;
}
